
Microsoft Visual Studio Solution File, Format Version 12.00
# Visual Studio 15
VisualStudioVersion = 15.0.26403.7
MinimumVisualStudioVersion = 10.0.40219.1
Project("{2150E333-8FDC-42A3-9474-1A3956D46DE8}") = "Business", "Business", "{421F7199-824B-40FC-9D0B-4A86B0B43A02}"
PhongHopKhongGiay
Project("{2150E333-8FDC-42A3-9474-1A3956D46DE8}") = "Data", "Data", "{E5035EF5-3511-4849-92D9-B8665E400CA0}"
PhongHopKhongGiay
Project("{FAE04EC0-301F-11D3-BF4B-00C04F79EFBC}") = "PhongHopKhongGiay.SRV.Data", "Data\PhongHopKhongGiay.SRV.Data\PhongHopKhongGiay.SRV.Data.csproj", "{2DD1C607-89C0-49F4-85BF-B56C01859B93}"
	ProjectSection(ProjectDependencies) = postProject
		{ECBE4916-91B4-4A1B-A519-3D570034007F} = {ECBE4916-91B4-4A1B-A519-3D570034007F}
		{7AEAE44C-2534-4363-8A13-2C3D70A6B2DE} = {7AEAE44C-2534-4363-8A13-2C3D70A6B2DE}
	PhongHopKhongGiaySection
PhongHopKhongGiay
Project("{FAE04EC0-301F-11D3-BF4B-00C04F79EFBC}") = "PhongHopKhongGiay.SRV.Business", "Business\PhongHopKhongGiay.SRV.Business\PhongHopKhongGiay.SRV.Business.csproj", "{D9477CB4-78F6-4C7F-B99D-F7012E875ED6}"
	ProjectSection(ProjectDependencies) = postProject
		{2DD1C607-89C0-49F4-85BF-B56C01859B93} = {2DD1C607-89C0-49F4-85BF-B56C01859B93}
		{ECBE4916-91B4-4A1B-A519-3D570034007F} = {ECBE4916-91B4-4A1B-A519-3D570034007F}
		{7AEAE44C-2534-4363-8A13-2C3D70A6B2DE} = {7AEAE44C-2534-4363-8A13-2C3D70A6B2DE}
	PhongHopKhongGiaySection
PhongHopKhongGiay
Project("{2150E333-8FDC-42A3-9474-1A3956D46DE8}") = "Hosts", "Hosts", "{A4B3B72E-3176-499A-91BC-5EA58F591A85}"
PhongHopKhongGiay
Project("{2150E333-8FDC-42A3-9474-1A3956D46DE8}") = "Services", "Services", "{8CDFBCC0-D4EA-478A-B8D6-1B5CE7F38D23}"
PhongHopKhongGiay
Project("{FAE04EC0-301F-11D3-BF4B-00C04F79EFBC}") = "PhongHopKhongGiay.SRV.Services", "Services\PhongHopKhongGiay.SRV.Services\PhongHopKhongGiay.SRV.Services.csproj", "{31D71F7D-73E3-46CE-B37E-BAD1D852CD34}"
	ProjectSection(ProjectDependencies) = postProject
		{575D912F-277F-4732-97F7-AA7F009FC1A8} = {575D912F-277F-4732-97F7-AA7F009FC1A8}
		{7AEAE44C-2534-4363-8A13-2C3D70A6B2DE} = {7AEAE44C-2534-4363-8A13-2C3D70A6B2DE}
		{D9477CB4-78F6-4C7F-B99D-F7012E875ED6} = {D9477CB4-78F6-4C7F-B99D-F7012E875ED6}
	PhongHopKhongGiaySection
PhongHopKhongGiay
Project("{FAE04EC0-301F-11D3-BF4B-00C04F79EFBC}") = "PhongHopKhongGiay.SRV.Services.Contracts", "Services\PhongHopKhongGiay.SRV.Services.Contracts\PhongHopKhongGiay.SRV.Services.Contracts.csproj", "{575D912F-277F-4732-97F7-AA7F009FC1A8}"
	ProjectSection(ProjectDependencies) = postProject
		{7AEAE44C-2534-4363-8A13-2C3D70A6B2DE} = {7AEAE44C-2534-4363-8A13-2C3D70A6B2DE}
	PhongHopKhongGiaySection
PhongHopKhongGiay
Project("{2150E333-8FDC-42A3-9474-1A3956D46DE8}") = "Shared", "Shared", "{1AEE3676-D628-496E-8987-6E3DBE1EC7DA}"
PhongHopKhongGiay
Project("{FAE04EC0-301F-11D3-BF4B-00C04F79EFBC}") = "PhongHopKhongGiay.SRV.Entities", "Shared\PhongHopKhongGiay.SRV.Entities\PhongHopKhongGiay.SRV.Entities.csproj", "{7AEAE44C-2534-4363-8A13-2C3D70A6B2DE}"
PhongHopKhongGiay
Project("{FAE04EC0-301F-11D3-BF4B-00C04F79EFBC}") = "PhongHopKhongGiay.SRV.Framework", "Shared\PhongHopKhongGiay.SRV.Framework\PhongHopKhongGiay.SRV.Framework.csproj", "{ECBE4916-91B4-4A1B-A519-3D570034007F}"
PhongHopKhongGiay
Project("{FAE04EC0-301F-11D3-BF4B-00C04F79EFBC}") = "PhongHopKhongGiay.SRV.Hosts.Web", "Hosts\PhongHopKhongGiay.SRV.Hosts.Web\PhongHopKhongGiay.SRV.Hosts.Web.csproj", "{BFC0C0C7-4736-4FC3-86E8-1C0147402E4F}"
	ProjectSection(ProjectDependencies) = postProject
		{2DD1C607-89C0-49F4-85BF-B56C01859B93} = {2DD1C607-89C0-49F4-85BF-B56C01859B93}
		{575D912F-277F-4732-97F7-AA7F009FC1A8} = {575D912F-277F-4732-97F7-AA7F009FC1A8}
		{7AEAE44C-2534-4363-8A13-2C3D70A6B2DE} = {7AEAE44C-2534-4363-8A13-2C3D70A6B2DE}
		{31D71F7D-73E3-46CE-B37E-BAD1D852CD34} = {31D71F7D-73E3-46CE-B37E-BAD1D852CD34}
		{D9477CB4-78F6-4C7F-B99D-F7012E875ED6} = {D9477CB4-78F6-4C7F-B99D-F7012E875ED6}
	PhongHopKhongGiaySection
PhongHopKhongGiay
Global
	GlobalSection(SolutionConfigurationPlatforms) = preSolution
		Debug|Any CPU = Debug|Any CPU
		Release|Any CPU = Release|Any CPU
	EndGlobalSection
	GlobalSection(ProjectConfigurationPlatforms) = postSolution
		{2DD1C607-89C0-49F4-85BF-B56C01859B93}.Debug|Any CPU.ActiveCfg = Debug|Any CPU
		{2DD1C607-89C0-49F4-85BF-B56C01859B93}.Debug|Any CPU.Build.0 = Debug|Any CPU
		{2DD1C607-89C0-49F4-85BF-B56C01859B93}.Release|Any CPU.ActiveCfg = Release|Any CPU
		{2DD1C607-89C0-49F4-85BF-B56C01859B93}.Release|Any CPU.Build.0 = Release|Any CPU
		{D9477CB4-78F6-4C7F-B99D-F7012E875ED6}.Debug|Any CPU.ActiveCfg = Debug|Any CPU
		{D9477CB4-78F6-4C7F-B99D-F7012E875ED6}.Debug|Any CPU.Build.0 = Debug|Any CPU
		{D9477CB4-78F6-4C7F-B99D-F7012E875ED6}.Release|Any CPU.ActiveCfg = Release|Any CPU
		{D9477CB4-78F6-4C7F-B99D-F7012E875ED6}.Release|Any CPU.Build.0 = Release|Any CPU
		{31D71F7D-73E3-46CE-B37E-BAD1D852CD34}.Debug|Any CPU.ActiveCfg = Debug|Any CPU
		{31D71F7D-73E3-46CE-B37E-BAD1D852CD34}.Debug|Any CPU.Build.0 = Debug|Any CPU
		{31D71F7D-73E3-46CE-B37E-BAD1D852CD34}.Release|Any CPU.ActiveCfg = Release|Any CPU
		{31D71F7D-73E3-46CE-B37E-BAD1D852CD34}.Release|Any CPU.Build.0 = Release|Any CPU
		{575D912F-277F-4732-97F7-AA7F009FC1A8}.Debug|Any CPU.ActiveCfg = Debug|Any CPU
		{575D912F-277F-4732-97F7-AA7F009FC1A8}.Debug|Any CPU.Build.0 = Debug|Any CPU
		{575D912F-277F-4732-97F7-AA7F009FC1A8}.Release|Any CPU.ActiveCfg = Release|Any CPU
		{575D912F-277F-4732-97F7-AA7F009FC1A8}.Release|Any CPU.Build.0 = Release|Any CPU
		{7AEAE44C-2534-4363-8A13-2C3D70A6B2DE}.Debug|Any CPU.ActiveCfg = Debug|Any CPU
		{7AEAE44C-2534-4363-8A13-2C3D70A6B2DE}.Debug|Any CPU.Build.0 = Debug|Any CPU
		{7AEAE44C-2534-4363-8A13-2C3D70A6B2DE}.Release|Any CPU.ActiveCfg = Release|Any CPU
		{7AEAE44C-2534-4363-8A13-2C3D70A6B2DE}.Release|Any CPU.Build.0 = Release|Any CPU
		{ECBE4916-91B4-4A1B-A519-3D570034007F}.Debug|Any CPU.ActiveCfg = Debug|Any CPU
		{ECBE4916-91B4-4A1B-A519-3D570034007F}.Debug|Any CPU.Build.0 = Debug|Any CPU
		{ECBE4916-91B4-4A1B-A519-3D570034007F}.Release|Any CPU.ActiveCfg = Release|Any CPU
		{ECBE4916-91B4-4A1B-A519-3D570034007F}.Release|Any CPU.Build.0 = Release|Any CPU
		{BFC0C0C7-4736-4FC3-86E8-1C0147402E4F}.Debug|Any CPU.ActiveCfg = Debug|Any CPU
		{BFC0C0C7-4736-4FC3-86E8-1C0147402E4F}.Debug|Any CPU.Build.0 = Debug|Any CPU
		{BFC0C0C7-4736-4FC3-86E8-1C0147402E4F}.Release|Any CPU.ActiveCfg = Release|Any CPU
		{BFC0C0C7-4736-4FC3-86E8-1C0147402E4F}.Release|Any CPU.Build.0 = Release|Any CPU
	EndGlobalSection
	GlobalSection(SolutionProperties) = preSolution
		HideSolutionNode = FALSE
	EndGlobalSection
	GlobalSection(NestedProjects) = preSolution
		{2DD1C607-89C0-49F4-85BF-B56C01859B93} = {E5035EF5-3511-4849-92D9-B8665E400CA0}
		{D9477CB4-78F6-4C7F-B99D-F7012E875ED6} = {421F7199-824B-40FC-9D0B-4A86B0B43A02}
		{31D71F7D-73E3-46CE-B37E-BAD1D852CD34} = {8CDFBCC0-D4EA-478A-B8D6-1B5CE7F38D23}
		{575D912F-277F-4732-97F7-AA7F009FC1A8} = {8CDFBCC0-D4EA-478A-B8D6-1B5CE7F38D23}
		{7AEAE44C-2534-4363-8A13-2C3D70A6B2DE} = {1AEE3676-D628-496E-8987-6E3DBE1EC7DA}
		{ECBE4916-91B4-4A1B-A519-3D570034007F} = {1AEE3676-D628-496E-8987-6E3DBE1EC7DA}
		{BFC0C0C7-4736-4FC3-86E8-1C0147402E4F} = {A4B3B72E-3176-499A-91BC-5EA58F591A85}
	EndGlobalSection
EndGlobal
